
Microsoft Visual Studio Solution File, Format Version 12.00
# Visual Studio Version 16
VisualStudioVersion = 16.0.33214.272
MinimumVisualStudioVersion = 10.0.40219.1
Project("{FAE04EC0-301F-11D3-BF4B-00C04F79EFBC}") = "Thunder Clicker", "Thunder Clicker\Thunder Clicker.csproj", "{E5521D65-8440-43B6-843D-EE5B02140EC4}"
EndProject
Global
	GlobalSection(SolutionConfigurationPlatforms) = preSolution
		Debug|Any CPU = Debug|Any CPU
		Release|Any CPU = Release|Any CPU
	EndGlobalSection
	GlobalSection(ProjectConfigurationPlatforms) = postSolution
		{E5521D65-8440-43B6-843D-EE5B02140EC4}.Debug|Any CPU.ActiveCfg = Debug|Any CPU
		{E5521D65-8440-43B6-843D-EE5B02140EC4}.Debug|Any CPU.Build.0 = Debug|Any CPU
		{E5521D65-8440-43B6-843D-EE5B02140EC4}.Release|Any CPU.ActiveCfg = Release|Any CPU
		{E5521D65-8440-43B6-843D-EE5B02140EC4}.Release|Any CPU.Build.0 = Release|Any CPU
	EndGlobalSection
	GlobalSection(SolutionProperties) = preSolution
		HideSolutionNode = FALSE
	EndGlobalSection
	GlobalSection(ExtensibilityGlobals) = postSolution
		SolutionGuid = {27EFE1DB-CB08-43E0-8022-7B0E4A8D7364}
	EndGlobalSection
EndGlobal
